{
  "lockfile_version": "1",
  "packages": {
    "cmake@3.31.7": {
      "last_modified": "2025-09-18T16:33:27Z",
      "resolved": "github:NixOS/nixpkgs/f4b140d5b253f5e2a1ff4e5506edbf8267724bde#cmake",
      "source": "devbox-search",
      "version": "3.31.7",
      "systems": {
        "aarch64-darwin": {
          "outputs": [
            {
              "name": "out",
              "path": "/nix/store/qvv2ddin29xa8fqmsv567b6xlnhbvpv0-cmake-3.31.7",
              "default": true
            }
          ],
          "store_path": "/nix/store/qvv2ddin29xa8fqmsv567b6xlnhbvpv0-cmake-3.31.7"
        },
        "aarch64-linux": {
          "outputs": [
            {
              "name": "out",
              "path": "/nix/store/9v4ip3df0nx55vwqm1gvfiff0j0as7ik-cmake-3.31.7",
              "default": true
            },
            {
              "name": "debug",
              "path": "/nix/store/cyg5sn57n1d94y1xgnvi3pym27nbbb75-cmake-3.31.7-debug"
            }
          ],
          "store_path": "/nix/store/9v4ip3df0nx55vwqm1gvfiff0j0as7ik-cmake-3.31.7"
        },
        "x86_64-darwin": {
          "outputs": [
            {
              "name": "out",
              "path": "/nix/store/nwwacfh91ycnsipg1fm5rb1l0dpy66rn-cmake-3.31.7",
              "default": true
            }
          ],
          "store_path": "/nix/store/nwwacfh91ycnsipg1fm5rb1l0dpy66rn-cmake-3.31.7"
        },
        "x86_64-linux": {
          "outputs": [
            {
              "name": "out",
              "path": "/nix/store/a94d5zmalqava26y3hqsnj5l11l5kl5y-cmake-3.31.7",
              "default": true
            },
            {
              "name": "debug",
              "path": "/nix/store/r93w1wf9a5kdh7nr0yid9qyv02max01l-cmake-3.31.7-debug"
            }
          ],
          "store_path": "/nix/store/a94d5zmalqava26y3hqsnj5l11l5kl5y-cmake-3.31.7"
        }
      }
    },
    "dtc@latest": {
      "last_modified": "2026-08-27T07:16:00Z",
      "resolved": "github:NixOS/nixpkgs/c27cdad491a991b11ed731760aa2ef8db0cb0410#dtc",
      "source": "devbox-search",
      "version": "1.7.2",
      "systems": {
        "aarch64-darwin": {
          "outputs": [
            {
              "name": "out",
              "path": "/nix/store/5jhrqq11x3i0by5r26b109xbjxdfr9sv-dtc-1.7.2",
              "default": true
            }
          ],
          "store_path": "/nix/store/5jhrqq11x3i0by5r26b109xbjxdfr9sv-dtc-1.7.2"
        },
        "aarch64-linux": {
          "outputs": [
            {
              "name": "out",
              "path": "/nix/store/ac9sl7n5mp1rx49j0wqs5qc6qq00dmvk-dtc-1.7.2",
              "default": true
            }
          ],
          "store_path": "/nix/store/ac9sl7n5mp1rx49j0wqs5qc6qq00dmvk-dtc-1.7.2"
        },
        "x86_64-darwin": {
          "outputs": [
            {
              "name": "out",
              "path": "/nix/store/sxc7hmn6735v4b5nka9vdvc9i56casi7-dtc-1.7.2",
              "default": true
            }
          ],
          "store_path": "/nix/store/sxc7hmn6735v4b5nka9vdvc9i56casi7-dtc-1.7.2"
        },
        "x86_64-linux": {
          "outputs": [
            {
              "name": "out",
              "path": "/nix/store/yisnf9x3m0hm1ckhdrrhvk41ajlwmlz5-dtc-1.7.2",
              "default": true
            }
          ],
          "store_path": "/nix/store/yisnf9x3m0hm1ckhdrrhvk41ajlwmlz5-dtc-1.7.2"
        }
      }
    },
    "git@latest": {
      "last_modified": "2026-08-27T07:16:00Z",
      "resolved": "github:NixOS/nixpkgs/c27cdad491a991b11ed731760aa2ef8db0cb0410#git",
      "source": "devbox-search",
      "version": "2.55.0",
      "systems": {
        "aarch64-darwin": {
          "outputs": [
            {
              "name": "out",
              "path": "/nix/store/yqw09igi72yxpgy3d1b25vbh5l8rx227-git-2.55.0",
              "default": true
            },
            {
              "name": "doc",
              "path": "/nix/store/i8y217wsan9w8l62m7w2a0rrnmviaqqk-git-2.55.0-doc"
            }
          ],
          "store_path": "/nix/store/yqw09igi72yxpgy3d1b25vbh5l8rx227-git-2.55.0"
        },
        "aarch64-linux": {
          "outputs": [
            {
              "name": "out",
              "path": "/nix/store/clxhwm4v3gl0k3hazm0zpx14gz2w0clz-git-2.55.0",
              "default": true
            },
            {
              "name": "debug",
              "path": "/nix/store/1asxbx6r55sylz2ljdzk6404i0w28iri-git-2.55.0-debug"
            },
            {
              "name": "doc",
              "path": "/nix/store/ryn8xbxi2i1d2dharz9r7kb2ymqfgkyw-git-2.55.0-doc"
            }
          ],
          "store_path": "/nix/store/clxhwm4v3gl0k3hazm0zpx14gz2w0clz-git-2.55.0"
        },
        "x86_64-linux": {
          "outputs": [
            {
              "name": "out",
              "path": "/nix/store/8yjpgadavqdwphcd2kw4dfvxmgdp5sb3-git-2.55.0",
              "default": true
            },
            {
              "name": "debug",
              "path": "/nix/store/xf0wk67lvyxg1bkwi2rf6iszxlvj0yxj-git-2.55.0-debug"
            },
            {
              "name": "doc",
              "path": "/nix/store/yvx5ayi3k6gh8xgk9yxc9gpy0jb7f14l-git-2.55.0-doc"
            }
          ],
          "store_path": "/nix/store/8yjpgadavqdwphcd2kw4dfvxmgdp5sb3-git-2.55.0"
        }
      }
    },
    "github:NixOS/nixpkgs/nixpkgs-unstable": {
      "last_modified": "2026-03-18T13:30:56Z",
      "resolved": "github:NixOS/nixpkgs/9cf7092bdd603554bd8b63c216e8943cf9b12512?lastModified=1773840656&narHash=sha256-9tpvMGFteZnd3gRQZFlRCohVpqooygFuy9yjuyRL2C0%3D"
    },
    "github:nix-community/zephyr-nix#sdkFull-0_16": {
      "last_modified": "2026-01-07T13:16:12Z",
      "resolved": "github:nix-community/zephyr-nix/39661e3a58b670a3b73b9a2b56c8b516b7284174?lastModified=1767791772&narHash=sha256-XPeH2jYVn2C7A3Yz7kSydwrbaX06vRpSNlMnL%2BcKqIw%3D#sdkFull-0_16"
    },
    "gnumake@4.4.1": {
      "last_modified": "2026-08-27T07:16:00Z",
      "resolved": "github:NixOS/nixpkgs/c27cdad491a991b11ed731760aa2ef8db0cb0410#gnumake",
      "source": "devbox-search",
      "version": "4.4.1",
      "systems": {
        "aarch64-darwin": {
          "outputs": [
            {
              "name": "out",
              "path": "/nix/store/vw6ljpyd8nnql72sbf8nx6dgvdvgnwml-gnumake-4.4.1",
              "default": true
            },
            {
              "name": "man",
              "path": "/nix/store/z2xa5yy1xhq30sasnbmwi0l8n84zqwpb-gnumake-4.4.1-man",
              "default": true
            },
            {
              "name": "doc",
              "path": "/nix/store/dfbwcmnw5jvmij32y6ir6xrsgay96q85-gnumake-4.4.1-doc"
            },
            {
              "name": "info",
              "path": "/nix/store/1pg3wc0xxajpirhqjrdnvvndirh49bcw-gnumake-4.4.1-info"
            }
          ],
          "store_path": "/nix/store/vw6ljpyd8nnql72sbf8nx6dgvdvgnwml-gnumake-4.4.1"
        },
        "aarch64-linux": {
          "outputs": [
            {
              "name": "out",
              "path": "/nix/store/clk5g7jn42zc3ydwz2xrv50wjvswh2j7-gnumake-4.4.1",
              "default": true
            },
            {
              "name": "man",
              "path": "/nix/store/aqbbbk5k348k0g1nfv15153rvdmml3dh-gnumake-4.4.1-man",
              "default": true
            },
            {
              "name": "debug",
              "path": "/nix/store/6ay3jj11iqkbab7309vssz67r6mr0c0p-gnumake-4.4.1-debug"
            },
            {
              "name": "doc",
              "path": "/nix/store/r1a35igf2l6b6r02qvpiayfsw3nssi2w-gnumake-4.4.1-doc"
            },
            {
              "name": "info",
              "path": "/nix/store/mvl7q4ww27zhlcbgq4fbn68h3ms76isa-gnumake-4.4.1-info"
            }
          ],
          "store_path": "/nix/store/clk5g7jn42zc3ydwz2xrv50wjvswh2j7-gnumake-4.4.1"
        },
        "x86_64-darwin": {
          "outputs": [
            {
              "name": "out",
              "path": "/nix/store/0bg5b97b9hbhz8907bfcrch1i116xppa-gnumake-4.4.1",
              "default": true
            },
            {
              "name": "man",
              "path": "/nix/store/wb4yn3d7vmi1hr4f8pz38rjvcl7f70ma-gnumake-4.4.1-man",
              "default": true
            },
            {
              "name": "doc",
              "path": "/nix/store/3b9cjf16jx4ncpp3b4k6m8q01nxsrw1n-gnumake-4.4.1-doc"
            },
            {
              "name": "info",
              "path": "/nix/store/rriz5p4q8a6sca7sw3p3js1m5dl09ia8-gnumake-4.4.1-info"
            }
          ],
          "store_path": "/nix/store/0bg5b97b9hbhz8907bfcrch1i116xppa-gnumake-4.4.1"
        },
        "x86_64-linux": {
          "outputs": [
            {
              "name": "out",
              "path": "/nix/store/7ydf0dzbsq7w35bxifci2mslm76pw1qf-gnumake-4.4.1",
              "default": true
            },
            {
              "name": "man",
              "path": "/nix/store/hnx4nm22wyl3qs52d66syyldypfyc88q-gnumake-4.4.1-man",
              "default": true
            },
            {
              "name": "debug",
              "path": "/nix/store/hplrxi8g1pxnr6s17s369vwcy3382q33-gnumake-4.4.1-debug"
            },
            {
              "name": "doc",
              "path": "/nix/store/ajv6150dm72i5w9y0p23mgnghdp5h9m5-gnumake-4.4.1-doc"
            },
            {
              "name": "info",
              "path": "/nix/store/59p81ss2y7c2gc1khjr26z4ygzrmmymz-gnumake-4.4.1-info"
            }
          ],
          "store_path": "/nix/store/7ydf0dzbsq7w35bxifci2mslm76pw1qf-gnumake-4.4.1"
        }
      }
    },
    "ninja@latest": {
      "last_modified": "2025-11-23T21:50:36Z",
      "resolved": "github:NixOS/nixpkgs/ee09932cedcef15aaf476f9343d1dea2cb77e261#ninja",
      "source": "devbox-search",
      "version": "1.13.1",
      "systems": {
        "aarch64-darwin": {
          "outputs": [
            {
              "name": "out",
              "path": "/nix/store/6y79vrqachzns4pgl8r0j04b7g33hl52-ninja-1.13.1",
              "default": true
            }
          ],
          "store_path": "/nix/store/6y79vrqachzns4pgl8r0j04b7g33hl52-ninja-1.13.1"
        },
        "aarch64-linux": {
          "outputs": [
            {
              "name": "out",
              "path": "/nix/store/jpwn5zii6bzpvf9dm4dw7cdvwychpxwz-ninja-1.13.1",
              "default": true
            }
          ],
          "store_path": "/nix/store/jpwn5zii6bzpvf9dm4dw7cdvwychpxwz-ninja-1.13.1"
        },
        "x86_64-darwin": {
          "outputs": [
            {
              "name": "out",
              "path": "/nix/store/82kdfnd09s2npwlsnqzak29nf592czr6-ninja-1.13.1",
              "default": true
            }
          ],
          "store_path": "/nix/store/82kdfnd09s2npwlsnqzak29nf592czr6-ninja-1.13.1"
        },
        "x86_64-linux": {
          "outputs": [
            {
              "name": "out",
              "path": "/nix/store/nib1r4k4cqph7zjjnbfc1d6cbg11qr76-ninja-1.13.1",
              "default": true
            }
          ],
          "store_path": "/nix/store/nib1r4k4cqph7zjjnbfc1d6cbg11qr76-ninja-1.13.1"
        }
      }
    },
    "python312": {
      "plugin_version": "0.0.5",
      "resolved": "github:NixOS/nixpkgs/608d0cadfed240589a7eea422407a547ad626a14?narHash=sha256-M0yS4AafhKxPPmOHGqIV0iKxgNO8bHDWdl1kOwGBwRY%3D#python312",
      "source": "nixpkg",
      "systems": {
        "x86_64-linux": {
          "outputs": [
            {
              "path": "/nix/store/ja66iyv96y1cbjhj7fl5ghqqmy9fyacj-python3-3.12.13",
              "default": true
            }
          ]
        }
      }
    },
    "python312Packages.intelhex": {
      "resolved": "github:NixOS/nixpkgs/9cf7092bdd603554bd8b63c216e8943cf9b12512?narHash=sha256-9tpvMGFteZnd3gRQZFlRCohVpqooygFuy9yjuyRL2C0%3D#python312Packages.intelhex",
      "source": "nixpkg"
    },
    "python312Packages.pip": {
      "resolved": "github:NixOS/nixpkgs/608d0cadfed240589a7eea422407a547ad626a14?narHash=sha256-M0yS4AafhKxPPmOHGqIV0iKxgNO8bHDWdl1kOwGBwRY%3D#python312Packages.pip",
      "source": "nixpkg",
      "systems": {
        "x86_64-linux": {
          "outputs": [
            {
              "name": "man",
              "path": "/nix/store/gdwnns5g08hs28mynp8s32hvppsm3504-python3.12-pip-25.3-man",
              "default": true
            },
            {
              "path": "/nix/store/pj7x50i8wx7r8my3dziv3yil42y46adv-python3.12-pip-25.3",
              "default": true
            }
          ]
        }
      }
    },
    "python312Packages.protobuf@latest": {
      "last_modified": "2025-11-23T21:50:36Z",
      "resolved": "github:NixOS/nixpkgs/ee09932cedcef15aaf476f9343d1dea2cb77e261#python312Packages.protobuf",
      "source": "devbox-search",
      "version": "6.33.1",
      "systems": {
        "aarch64-darwin": {
          "outputs": [
            {
              "name": "out",
              "path": "/nix/store/5inidrhy8q5li3vbf3lxd32bnsczhgmy-python3.12-protobuf-6.33.1",
              "default": true
            },
            {
              "name": "dist",
              "path": "/nix/store/2snqwc4i2w0d4hn7q38nwki6kkn0b957-python3.12-protobuf-6.33.1-dist"
            }
          ],
          "store_path": "/nix/store/5inidrhy8q5li3vbf3lxd32bnsczhgmy-python3.12-protobuf-6.33.1"
        },
        "aarch64-linux": {
          "outputs": [
            {
              "name": "out",
              "path": "/nix/store/lh16s0j05bds1pb5jp1s6zq2c89713vd-python3.12-protobuf-6.33.1",
              "default": true
            },
            {
              "name": "dist",
              "path": "/nix/store/gywciygcpyjwfyhr03hn9aqhczw2604y-python3.12-protobuf-6.33.1-dist"
            }
          ],
          "store_path": "/nix/store/lh16s0j05bds1pb5jp1s6zq2c89713vd-python3.12-protobuf-6.33.1"
        },
        "x86_64-darwin": {
          "outputs": [
            {
              "name": "out",
              "path": "/nix/store/lfh522lw3ch1dpx5m7cj6a5nlxn6278i-python3.12-protobuf-6.33.1",
              "default": true
            },
            {
              "name": "dist",
              "path": "/nix/store/h9wa9g5iyjx3bxsnvbzc5x5mji3fp79h-python3.12-protobuf-6.33.1-dist"
            }
          ],
          "store_path": "/nix/store/lfh522lw3ch1dpx5m7cj6a5nlxn6278i-python3.12-protobuf-6.33.1"
        },
        "x86_64-linux": {
          "outputs": [
            {
              "name": "out",
              "path": "/nix/store/0ncirnfvrsygf0bc8mryzkh5lq3pvwlm-python3.12-protobuf-6.33.1",
              "default": true
            },
            {
              "name": "dist",
              "path": "/nix/store/7h7hjz5p3py09swzfyd7c8n6ry3rnlny-python3.12-protobuf-6.33.1-dist"
            }
          ],
          "store_path": "/nix/store/0ncirnfvrsygf0bc8mryzkh5lq3pvwlm-python3.12-protobuf-6.33.1"
        }
      }
    },
    "python312Packages.pyelftools@latest": {
      "last_modified": "2025-11-23T21:50:36Z",
      "resolved": "github:NixOS/nixpkgs/ee09932cedcef15aaf476f9343d1dea2cb77e261#python312Packages.pyelftools",
      "source": "devbox-search",
      "version": "0.32",
      "systems": {
        "aarch64-darwin": {
          "outputs": [
            {
              "name": "out",
              "path": "/nix/store/gbp4nbk8gcwh4ksf3bzhz4izib6ai3c1-python3.12-pyelftools-0.32",
              "default": true
            },
            {
              "name": "dist",
              "path": "/nix/store/hvznncnqqn12p8wkp8czkf5mphgw4kfk-python3.12-pyelftools-0.32-dist"
            }
          ],
          "store_path": "/nix/store/gbp4nbk8gcwh4ksf3bzhz4izib6ai3c1-python3.12-pyelftools-0.32"
        },
        "aarch64-linux": {
          "outputs": [
            {
              "name": "out",
              "path": "/nix/store/8naxgp9fyjkjl6wh8wk9nnappc3zz8bw-python3.12-pyelftools-0.32",
              "default": true
            },
            {
              "name": "dist",
              "path": "/nix/store/vx997gk2qqdfvfk1rx49f7lcnj97fvkn-python3.12-pyelftools-0.32-dist"
            }
          ],
          "store_path": "/nix/store/8naxgp9fyjkjl6wh8wk9nnappc3zz8bw-python3.12-pyelftools-0.32"
        },
        "x86_64-darwin": {
          "outputs": [
            {
              "name": "out",
              "path": "/nix/store/ndcl6h0ip9xh6lrb0pg35m0klgpf5k1d-python3.12-pyelftools-0.32",
              "default": true
            },
            {
              "name": "dist",
              "path": "/nix/store/hikva2ybmvd2lifcmj9iimgv8fdyx0i5-python3.12-pyelftools-0.32-dist"
            }
          ],
          "store_path": "/nix/store/ndcl6h0ip9xh6lrb0pg35m0klgpf5k1d-python3.12-pyelftools-0.32"
        },
        "x86_64-linux": {
          "outputs": [
            {
              "name": "out",
              "path": "/nix/store/iz6pfpk397x3m0hrjbb3mjszq4kvxjp3-python3.12-pyelftools-0.32",
              "default": true
            },
            {
              "name": "dist",
              "path": "/nix/store/v7m3pcx5gr46x2bpyf56j0krbnpc789f-python3.12-pyelftools-0.32-dist"
            }
          ],
          "store_path": "/nix/store/iz6pfpk397x3m0hrjbb3mjszq4kvxjp3-python3.12-pyelftools-0.32"
        }
      }
    },
    "python312Packages.setuptools@latest": {
      "last_modified": "2025-11-23T21:50:36Z",
      "resolved": "github:NixOS/nixpkgs/ee09932cedcef15aaf476f9343d1dea2cb77e261#python312Packages.setuptools",
      "source": "devbox-search",
      "version": "80.9.0",
      "systems": {
        "aarch64-darwin": {
          "outputs": [
            {
              "name": "out",
              "path": "/nix/store/zxih5r5zy3inbdnsbvgl7krz4qs5r7xa-python3.12-setuptools-80.9.0",
              "default": true
            },
            {
              "name": "dist",
              "path": "/nix/store/zaalwhdcz81vhagpj37vwyzr2ybx3n51-python3.12-setuptools-80.9.0-dist"
            }
          ],
          "store_path": "/nix/store/zxih5r5zy3inbdnsbvgl7krz4qs5r7xa-python3.12-setuptools-80.9.0"
        },
        "aarch64-linux": {
          "outputs": [
            {
              "name": "out",
              "path": "/nix/store/kipl395flwad1dxci6c2vrcggsgfrqx7-python3.12-setuptools-80.9.0",
              "default": true
            },
            {
              "name": "dist",
              "path": "/nix/store/r67z46n3is3zrsc8wdys0qdplxbrg7y4-python3.12-setuptools-80.9.0-dist"
            }
          ],
          "store_path": "/nix/store/kipl395flwad1dxci6c2vrcggsgfrqx7-python3.12-setuptools-80.9.0"
        },
        "x86_64-darwin": {
          "outputs": [
            {
              "name": "out",
              "path": "/nix/store/dc51vn96p55b9xdz459bix681264r8mh-python3.12-setuptools-80.9.0",
              "default": true
            },
            {
              "name": "dist",
              "path": "/nix/store/m1nvcjqxa0vrxx3r9ql1gq4yys5gg9g4-python3.12-setuptools-80.9.0-dist"
            }
          ],
          "store_path": "/nix/store/dc51vn96p55b9xdz459bix681264r8mh-python3.12-setuptools-80.9.0"
        },
        "x86_64-linux": {
          "outputs": [
            {
              "name": "out",
              "path": "/nix/store/l5qqglfwhf8dhg5602w79ggrv7mci6yl-python3.12-setuptools-80.9.0",
              "default": true
            },
            {
              "name": "dist",
              "path": "/nix/store/il6x1klfbipy63cfkln9yb9q1z4axh0k-python3.12-setuptools-80.9.0-dist"
            }
          ],
          "store_path": "/nix/store/l5qqglfwhf8dhg5602w79ggrv7mci6yl-python3.12-setuptools-80.9.0"
        }
      }
    },
    "python312Packages.west": {
      "resolved": "github:NixOS/nixpkgs/608d0cadfed240589a7eea422407a547ad626a14?narHash=sha256-M0yS4AafhKxPPmOHGqIV0iKxgNO8bHDWdl1kOwGBwRY%3D#python312Packages.west",
      "source": "nixpkg",
      "systems": {
        "x86_64-linux": {
          "outputs": [
            {
              "path": "/nix/store/r3dc8j2w9pkdska1vf1bdd3hwjnmmsrf-python3.12-west-1.5.0",
              "default": true
            }
          ]
        }
      }
    }
  }
}
